
Microsoft Visual Studio Solution File, Format Version 12.00
Project("{FAE04EC0-301F-11D3-BF4B-00C04F79EFBC}") = "CPMS.Web", "CPMS.Web\CPMS.Web.csproj", "{C08F7050-593E-4658-BE9C-8900ACF565FF}"
EndProject
Project("{2150E333-8FDC-42A3-9474-1A3956D46DE8}") = "Solution Items", "Solution Items", "{4A96DFD7-90EF-462B-B14F-27BEAFCE7DCF}"
ProjectSection(SolutionItems) = preProject
	.gitignore = .gitignore
	README.md = README.md
	Dockerfile = Dockerfile
	.dockerignore = .dockerignore
	.editorconfig = .editorconfig
	.gitattributes = .gitattributes
	build.cake = build.cake
EndProjectSection
EndProject
Project("{FAE04EC0-301F-11D3-BF4B-00C04F79EFBC}") = "CPMS.Common", "CPMS.Common\CPMS.Common.csproj", "{2A7678A9-875E-4088-8C56-DC1B9EC12484}"
EndProject
Project("{FAE04EC0-301F-11D3-BF4B-00C04F79EFBC}") = "CPMS.Tests", "CPMS.Tests\CPMS.Tests.csproj", "{281F4431-1CCC-43A3-9D09-E93B84D996DF}"
EndProject
Global
	GlobalSection(SolutionConfigurationPlatforms) = preSolution
		Debug|Any CPU = Debug|Any CPU
		Release|Any CPU = Release|Any CPU
	EndGlobalSection
	GlobalSection(ProjectConfigurationPlatforms) = postSolution
		{C08F7050-593E-4658-BE9C-8900ACF565FF}.Debug|Any CPU.ActiveCfg = Debug|Any CPU
		{C08F7050-593E-4658-BE9C-8900ACF565FF}.Debug|Any CPU.Build.0 = Debug|Any CPU
		{C08F7050-593E-4658-BE9C-8900ACF565FF}.Release|Any CPU.ActiveCfg = Release|Any CPU
		{C08F7050-593E-4658-BE9C-8900ACF565FF}.Release|Any CPU.Build.0 = Release|Any CPU
		{2A7678A9-875E-4088-8C56-DC1B9EC12484}.Debug|Any CPU.ActiveCfg = Debug|Any CPU
		{2A7678A9-875E-4088-8C56-DC1B9EC12484}.Debug|Any CPU.Build.0 = Debug|Any CPU
		{2A7678A9-875E-4088-8C56-DC1B9EC12484}.Release|Any CPU.ActiveCfg = Release|Any CPU
		{2A7678A9-875E-4088-8C56-DC1B9EC12484}.Release|Any CPU.Build.0 = Release|Any CPU
		{281F4431-1CCC-43A3-9D09-E93B84D996DF}.Debug|Any CPU.ActiveCfg = Debug|Any CPU
		{281F4431-1CCC-43A3-9D09-E93B84D996DF}.Debug|Any CPU.Build.0 = Debug|Any CPU
		{281F4431-1CCC-43A3-9D09-E93B84D996DF}.Release|Any CPU.ActiveCfg = Release|Any CPU
		{281F4431-1CCC-43A3-9D09-E93B84D996DF}.Release|Any CPU.Build.0 = Release|Any CPU
	EndGlobalSection
EndGlobal
